{
  "name": "hompag-common",
  "version": "0.1.0",
  "lockfileVersion": 1,
  "requires": true,
  "dependencies": {
    "@types/node": {
      "version": "14.17.10",
      "resolved": "https://registry.npmjs.org/@types/node/-/node-14.17.10.tgz",
      "integrity": "sha512-09x2d6kNBwjHgyh3jOUE2GE4DFoxDriDvWdu6mFhMP1ysynGYazt4ecZmJlL6/fe4Zi2vtYvTvtL7epjQQrBhA==",
      "dev": true
    },
    "typescript": {
      "version": "3.9.10",
      "resolved": "https://registry.npmjs.org/typescript/-/typescript-3.9.10.tgz",
      "integrity": "sha512-w6fIxVE/H1PkLKcCPsFqKE7Kv7QUwhU8qQY2MueZXWx5cPZdwFupLgKK3vntcK98BtNHZtAF4LA/yl2a7k8R6Q==",
      "dev": true
    }
  }
}
